
Microsoft Visual Studio Solution File, Format Version 12.00
# Visual Studio Version 17
VisualStudioVersion = 17.7.34202.233
MinimumVisualStudioVersion = 10.0.40219.1
Project("{FAE04EC0-301F-11D3-BF4B-00C04F79EFBC}") = "SimpleInventoryManagementSystem", "SimpleInventoryManagementSystem.csproj", "{13D6D6C3-467C-4923-928B-888F615FE08F}"
EndProject
Global
	GlobalSection(SolutionConfigurationPlatforms) = preSolution
		Debug|Any CPU = Debug|Any CPU
		Release|Any CPU = Release|Any CPU
	EndGlobalSection
	GlobalSection(ProjectConfigurationPlatforms) = postSolution
		{13D6D6C3-467C-4923-928B-888F615FE08F}.Debug|Any CPU.ActiveCfg = Debug|Any CPU
		{13D6D6C3-467C-4923-928B-888F615FE08F}.Debug|Any CPU.Build.0 = Debug|Any CPU
		{13D6D6C3-467C-4923-928B-888F615FE08F}.Release|Any CPU.ActiveCfg = Release|Any CPU
		{13D6D6C3-467C-4923-928B-888F615FE08F}.Release|Any CPU.Build.0 = Release|Any CPU
	EndGlobalSection
	GlobalSection(SolutionProperties) = preSolution
		HideSolutionNode = FALSE
	EndGlobalSection
	GlobalSection(ExtensibilityGlobals) = postSolution
		SolutionGuid = {274780B7-41B2-43A3-B3C3-990B06FAEDA7}
	EndGlobalSection
EndGlobal
